{
  "name": "wasm",
  "version": "1.0.0",
  "lockfileVersion": 2,
  "requires": true,
  "packages": {
    "": {
      "name": "wasm",
      "version": "1.0.0",
      "dependencies": {
        "binaryen": "^104.0.0",
        "wabt": "^1.0.25"
      }
    },
    "node_modules/binaryen": {
      "version": "104.0.0",
      "resolved": "https://registry.npmjs.org/binaryen/-/binaryen-104.0.0.tgz",
      "integrity": "sha512-CscF65HgSlbsIPLjn9whv3CocIF/0kMM180RruYU26BYcWlVgAxw/1ay/GhBueeOML/poF1S7qwtScBzuOHtfQ==",
      "bin": {
        "wasm-opt": "bin/wasm-opt",
        "wasm2js": "bin/wasm2js"
      }
    },
    "node_modules/wabt": {
      "version": "1.0.25",
      "resolved": "https://registry.npmjs.org/wabt/-/wabt-1.0.25.tgz",
      "integrity": "sha512-xaSiKAbzZliA54zsJUs3leQzgQdTWU8t4sYsmlNuAuEMzP7QQvt4RAO38RRlC6DYmsDVfqFF0ribC0N1Vlcrog==",
      "bin": {
        "wasm-decompile": "bin/wasm-decompile",
        "wasm-interp": "bin/wasm-interp",
        "wasm-objdump": "bin/wasm-objdump",
        "wasm-opcodecnt": "bin/wasm-opcodecnt",
        "wasm-strip": "bin/wasm-strip",
        "wasm-validate": "bin/wasm-validate",
        "wasm2c": "bin/wasm2c",
        "wasm2wat": "bin/wasm2wat",
        "wat2wasm": "bin/wat2wasm"
      }
    }
  },
  "dependencies": {
    "binaryen": {
      "version": "104.0.0",
      "resolved": "https://registry.npmjs.org/binaryen/-/binaryen-104.0.0.tgz",
      "integrity": "sha512-CscF65HgSlbsIPLjn9whv3CocIF/0kMM180RruYU26BYcWlVgAxw/1ay/GhBueeOML/poF1S7qwtScBzuOHtfQ=="
    },
    "wabt": {
      "version": "1.0.25",
      "resolved": "https://registry.npmjs.org/wabt/-/wabt-1.0.25.tgz",
      "integrity": "sha512-xaSiKAbzZliA54zsJUs3leQzgQdTWU8t4sYsmlNuAuEMzP7QQvt4RAO38RRlC6DYmsDVfqFF0ribC0N1Vlcrog=="
    }
  }
}
